{
  "lib/forge-std": {
    "tag": {
      "name": "v1.16.2",
      "rev": "bf647bd6046f2f7da30d0c2bf435e5c76a780c1b"
    }
  },
  "lib/openzeppelin-contracts": {
    "rev": "bbf3600dc2fd09c7409c5e9d65e2faea36f35115"
  },
  "lib/openzeppelin-contracts-upgradeable": {
    "rev": "184d9fe75bcd640ad8e0bc86dcef1858fb33cd13"
  },
  "lib/solidity-bytes-utils": {
    "tag": {
      "name": "v0.8.2",
      "rev": "e0115c4d231910df47ce3b60625ce562fe4af985"
    }
  }
}
