{
  "lib/forge-std": {
    "tag": {
      "name": "v1.16.1",
      "rev": "620536fa5277db4e3fd46772d5cbc1ea0696fb43"
    }
  },
  "lib/openzeppelin-contracts": {
    "tag": {
      "name": "v5.6.1",
      "rev": "74edc4baff50b93c06977021ee9ba25987803291"
    }
  },
  "lib/openzeppelin-contracts-upgradeable": {
    "tag": {
      "name": "v5.6.1",
      "rev": "a8bbd0d9288e0c77d1b1a472e0e2e12acb3ccd00"
    }
  },
  "lib/pyth-sdk-solidity": {
    "tag": {
      "name": "v2.2.0",
      "rev": "11d6bcfc2e56885535a9a8e3c8417847cb20be14"
    }
  },
  "lib/solidity-bytes-utils": {
    "tag": {
      "name": "v0.8.2",
      "rev": "e0115c4d231910df47ce3b60625ce562fe4af985"
    }
  }
}
