{
  "lib/forge-std": {
    "tag": {
      "name": "v1.16.1",
      "rev": "620536fa5277db4e3fd46772d5cbc1ea0696fb43"
    }
  },
  "lib/openzeppelin-contracts": {
    "tag": {
      "name": "v5.6.1",
      "rev": "48ab75f29abaa315fad7fa7b8338f92bb07376a7"
    }
  },
  "lib/openzeppelin-contracts-upgradeable": {
    "tag": {
      "name": "v5.6.1",
      "rev": "e202a370c60af820aabb003fb348523869c82606"
    }
  },
  "lib/pyth-sdk-solidity": {
    "tag": {
      "name": "v2.2.0",
      "rev": "11d6bcfc2e56885535a9a8e3c8417847cb20be14"
    }
  },
  "lib/solidity-bytes-utils": {
    "tag": {
      "name": "v0.8.2",
      "rev": "e0115c4d231910df47ce3b60625ce562fe4af985"
    }
  }
}
